// !$*UTF8*$!
{
	archiveVersion = 1;
	classes = {
	};
	objectVersion = 46;
	objects = {

/* Begin PBXBuildFile section */
		902865F719FB017900A9B012 /* AddItemTableViewController.m in Sources */ = {isa = PBXBuildFile; fileRef = 902865F619FB017900A9B012 /* AddItemTableViewController.m */; };
		902865FD19FC22D300A9B012 /* TLCoreDataStack.m in Sources */ = {isa = PBXBuildFile; fileRef = 902865FC19FC22D300A9B012 /* TLCoreDataStack.m */; };
		902865FF19FC268200A9B012 /* CoreData.framework in Frameworks */ = {isa = PBXBuildFile; fileRef = 902865FE19FC268200A9B012 /* CoreData.framework */; };
		9028660219FC271B00A9B012 /* CoreGraphics.framework in Frameworks */ = {isa = PBXBuildFile; fileRef = 9028660119FC271B00A9B012 /* CoreGraphics.framework */; };
		903AC88D19F8576E00A01EE7 /* ToDoItemTableViewCell.m in Sources */ = {isa = PBXBuildFile; fileRef = 903AC88C19F8576E00A01EE7 /* ToDoItemTableViewCell.m */; };
		9069FD8A19F833670058BC72 /* view2.png in Resources */ = {isa = PBXBuildFile; fileRef = 9069FD8919F833670058BC72 /* view2.png */; };
		9073415B19F87D3A0005BAD4 /* checkmark.png in Resources */ = {isa = PBXBuildFile; fileRef = 9073415A19F87D3A0005BAD4 /* checkmark.png */; };
		90DFB1B619F80CA400AB0010 /* main.m in Sources */ = {isa = PBXBuildFile; fileRef = 90DFB1B519F80CA400AB0010 /* main.m */; };
		90DFB1B919F80CA400AB0010 /* AppDelegate.m in Sources */ = {isa = PBXBuildFile; fileRef = 90DFB1B819F80CA400AB0010 /* AppDelegate.m */; };
		90DFB1BC19F80CA400AB0010 /* MasterViewController.m in Sources */ = {isa = PBXBuildFile; fileRef = 90DFB1BB19F80CA400AB0010 /* MasterViewController.m */; };
		90DFB1BF19F80CA400AB0010 /* DetailViewController.m in Sources */ = {isa = PBXBuildFile; fileRef = 90DFB1BE19F80CA400AB0010 /* DetailViewController.m */; };
		90DFB1C219F80CA400AB0010 /* Main.storyboard in Resources */ = {isa = PBXBuildFile; fileRef = 90DFB1C019F80CA400AB0010 /* Main.storyboard */; };
		90DFB1C419F80CA400AB0010 /* Images.xcassets in Resources */ = {isa = PBXBuildFile; fileRef = 90DFB1C319F80CA400AB0010 /* Images.xcassets */; };
		90DFB1C719F80CA400AB0010 /* LaunchScreen.xib in Resources */ = {isa = PBXBuildFile; fileRef = 90DFB1C519F80CA400AB0010 /* LaunchScreen.xib */; };
		90DFB1D319F80CA500AB0010 /* ToDoListTests.m in Sources */ = {isa = PBXBuildFile; fileRef = 90DFB1D219F80CA500AB0010 /* ToDoListTests.m */; };
		90DFB1DE19F80D9B00AB0010 /* ToDo.m in Sources */ = {isa = PBXBuildFile; fileRef = 90DFB1DD19F80D9B00AB0010 /* ToDo.m */; };
/* End PBXBuildFile section */

/* Begin PBXContainerItemProxy section */
		90DFB1CD19F80CA500AB0010 /* PBXContainerItemProxy */ = {
			isa = PBXContainerItemProxy;
			containerPortal = 90DFB1A819F80CA400AB0010 /* Project object */;
			proxyType = 1;
			remoteGlobalIDString = 90DFB1AF19F80CA400AB0010;
			remoteInfo = ToDoList;
		};
/* End PBXContainerItemProxy section */

/* Begin PBXFileReference section */
		902865F519FB017900A9B012 /* AddItemTableViewController.h */ = {isa = PBXFileReference; fileEncoding = 4; lastKnownFileType = sourcecode.c.h; path = AddItemTableViewController.h; sourceTree = "<group>"; };
		902865F619FB017900A9B012 /* AddItemTableViewController.m */ = {isa = PBXFileReference; fileEncoding = 4; lastKnownFileType = sourcecode.c.objc; path = AddItemTableViewController.m; sourceTree = "<group>"; };
		902865FB19FC22D300A9B012 /* TLCoreDataStack.h */ = {isa = PBXFileReference; fileEncoding = 4; lastKnownFileType = sourcecode.c.h; path = TLCoreDataStack.h; sourceTree = "<group>"; };
		902865FC19FC22D300A9B012 /* TLCoreDataStack.m */ = {isa = PBXFileReference; fileEncoding = 4; lastKnownFileType = sourcecode.c.objc; path = TLCoreDataStack.m; sourceTree = "<group>"; };
		902865FE19FC268200A9B012 /* CoreData.framework */ = {isa = PBXFileReference; lastKnownFileType = wrapper.framework; name = CoreData.framework; path = System/Library/Frameworks/CoreData.framework; sourceTree = SDKROOT; };
		9028660119FC271B00A9B012 /* CoreGraphics.framework */ = {isa = PBXFileReference; lastKnownFileType = wrapper.framework; name = CoreGraphics.framework; path = System/Library/Frameworks/CoreGraphics.framework; sourceTree = SDKROOT; };
		9028660619FEF60C00A9B012 /* PrefixHeader.pch */ = {isa = PBXFileReference; lastKnownFileType = sourcecode.c.h; path = PrefixHeader.pch; sourceTree = "<group>"; };
		903AC88B19F8576E00A01EE7 /* ToDoItemTableViewCell.h */ = {isa = PBXFileReference; fileEncoding = 4; lastKnownFileType = sourcecode.c.h; name = ToDoItemTableViewCell.h; path = ../ToDoItemTableViewCell.h; sourceTree = "<group>"; };
		903AC88C19F8576E00A01EE7 /* ToDoItemTableViewCell.m */ = {isa = PBXFileReference; fileEncoding = 4; lastKnownFileType = sourcecode.c.objc; name = ToDoItemTableViewCell.m; path = ../ToDoItemTableViewCell.m; sourceTree = "<group>"; };
		9069FD8919F833670058BC72 /* view2.png */ = {isa = PBXFileReference; lastKnownFileType = image.png; path = view2.png; sourceTree = "<group>"; };
		9073415A19F87D3A0005BAD4 /* checkmark.png */ = {isa = PBXFileReference; lastKnownFileType = image.png; path = checkmark.png; sourceTree = "<group>"; };
		90DFB1B019F80CA400AB0010 /* ToDoList.app */ = {isa = PBXFileReference; explicitFileType = wrapper.application; includeInIndex = 0; path = ToDoList.app; sourceTree = BUILT_PRODUCTS_DIR; };
		90DFB1B419F80CA400AB0010 /* Info.plist */ = {isa = PBXFileReference; lastKnownFileType = text.plist.xml; path = Info.plist; sourceTree = "<group>"; };
		90DFB1B519F80CA400AB0010 /* main.m */ = {isa = PBXFileReference; lastKnownFileType = sourcecode.c.objc; path = main.m; sourceTree = "<group>"; };
		90DFB1B719F80CA400AB0010 /* AppDelegate.h */ = {isa = PBXFileReference; lastKnownFileType = sourcecode.c.h; path = AppDelegate.h; sourceTree = "<group>"; };
		90DFB1B819F80CA400AB0010 /* AppDelegate.m */ = {isa = PBXFileReference; lastKnownFileType = sourcecode.c.objc; path = AppDelegate.m; sourceTree = "<group>"; };
		90DFB1BA19F80CA400AB0010 /* MasterViewController.h */ = {isa = PBXFileReference; lastKnownFileType = sourcecode.c.h; path = MasterViewController.h; sourceTree = "<group>"; };
		90DFB1BB19F80CA400AB0010 /* MasterViewController.m */ = {isa = PBXFileReference; lastKnownFileType = sourcecode.c.objc; path = MasterViewController.m; sourceTree = "<group>"; };
		90DFB1BD19F80CA400AB0010 /* DetailViewController.h */ = {isa = PBXFileReference; lastKnownFileType = sourcecode.c.h; path = DetailViewController.h; sourceTree = "<group>"; };
		90DFB1BE19F80CA400AB0010 /* DetailViewController.m */ = {isa = PBXFileReference; lastKnownFileType = sourcecode.c.objc; path = DetailViewController.m; sourceTree = "<group>"; };
		90DFB1C119F80CA400AB0010 /* Base */ = {isa = PBXFileReference; lastKnownFileType = file.storyboard; name = Base; path = Base.lproj/Main.storyboard; sourceTree = "<group>"; };
		90DFB1C319F80CA400AB0010 /* Images.xcassets */ = {isa = PBXFileReference; lastKnownFileType = folder.assetcatalog; path = Images.xcassets; sourceTree = "<group>"; };
		90DFB1C619F80CA400AB0010 /* Base */ = {isa = PBXFileReference; lastKnownFileType = file.xib; name = Base; path = Base.lproj/LaunchScreen.xib; sourceTree = "<group>"; };
		90DFB1CC19F80CA500AB0010 /* ToDoListTests.xctest */ = {isa = PBXFileReference; explicitFileType = wrapper.cfbundle; includeInIndex = 0; path = ToDoListTests.xctest; sourceTree = BUILT_PRODUCTS_DIR; };
		90DFB1D119F80CA500AB0010 /* Info.plist */ = {isa = PBXFileReference; lastKnownFileType = text.plist.xml; path = Info.plist; sourceTree = "<group>"; };
		90DFB1D219F80CA500AB0010 /* ToDoListTests.m */ = {isa = PBXFileReference; lastKnownFileType = sourcecode.c.objc; path = ToDoListTests.m; sourceTree = "<group>"; };
		90DFB1DC19F80D9B00AB0010 /* ToDo.h */ = {isa = PBXFileReference; fileEncoding = 4; lastKnownFileType = sourcecode.c.h; path = ToDo.h; sourceTree = "<group>"; };
		90DFB1DD19F80D9B00AB0010 /* ToDo.m */ = {isa = PBXFileReference; fileEncoding = 4; lastKnownFileType = sourcecode.c.objc; path = ToDo.m; sourceTree = "<group>"; };
		90DFB1E219F827F100AB0010 /* addItemToTableVCDelegate.h */ = {isa = PBXFileReference; fileEncoding = 4; lastKnownFileType = sourcecode.c.h; path = addItemToTableVCDelegate.h; sourceTree = "<group>"; };
/* End PBXFileReference section */

/* Begin PBXFrameworksBuildPhase section */
		90DFB1AD19F80CA400AB0010 /* Frameworks */ = {
			isa = PBXFrameworksBuildPhase;
			buildActionMask = 2147483647;
			files = (
				9028660219FC271B00A9B012 /* CoreGraphics.framework in Frameworks */,
				902865FF19FC268200A9B012 /* CoreData.framework in Frameworks */,
			);
			runOnlyForDeploymentPostprocessing = 0;
		};
		90DFB1C919F80CA500AB0010 /* Frameworks */ = {
			isa = PBXFrameworksBuildPhase;
			buildActionMask = 2147483647;
			files = (
			);
			runOnlyForDeploymentPostprocessing = 0;
		};
/* End PBXFrameworksBuildPhase section */

/* Begin PBXGroup section */
		9028660019FC26F900A9B012 /* Frameworks */ = {
			isa = PBXGroup;
			children = (
				9028660119FC271B00A9B012 /* CoreGraphics.framework */,
				902865FE19FC268200A9B012 /* CoreData.framework */,
			);
			name = Frameworks;
			path = ToDoList;
			sourceTree = "<group>";
		};
		90DFB1A719F80CA400AB0010 = {
			isa = PBXGroup;
			children = (
				90DFB1B219F80CA400AB0010 /* ToDoList */,
				90DFB1CF19F80CA500AB0010 /* ToDoListTests */,
				90DFB1B119F80CA400AB0010 /* Products */,
				9028660019FC26F900A9B012 /* Frameworks */,
			);
			sourceTree = "<group>";
		};
		90DFB1B119F80CA400AB0010 /* Products */ = {
			isa = PBXGroup;
			children = (
				90DFB1B019F80CA400AB0010 /* ToDoList.app */,
				90DFB1CC19F80CA500AB0010 /* ToDoListTests.xctest */,
			);
			name = Products;
			sourceTree = "<group>";
		};
		90DFB1B219F80CA400AB0010 /* ToDoList */ = {
			isa = PBXGroup;
			children = (
				90DFB1B719F80CA400AB0010 /* AppDelegate.h */,
				90DFB1B819F80CA400AB0010 /* AppDelegate.m */,
				90DFB1BA19F80CA400AB0010 /* MasterViewController.h */,
				90DFB1BB19F80CA400AB0010 /* MasterViewController.m */,
				902865FB19FC22D300A9B012 /* TLCoreDataStack.h */,
				902865FC19FC22D300A9B012 /* TLCoreDataStack.m */,
				90DFB1BD19F80CA400AB0010 /* DetailViewController.h */,
				90DFB1BE19F80CA400AB0010 /* DetailViewController.m */,
				90DFB1C019F80CA400AB0010 /* Main.storyboard */,
				90DFB1E219F827F100AB0010 /* addItemToTableVCDelegate.h */,
				903AC88B19F8576E00A01EE7 /* ToDoItemTableViewCell.h */,
				903AC88C19F8576E00A01EE7 /* ToDoItemTableViewCell.m */,
				902865F519FB017900A9B012 /* AddItemTableViewController.h */,
				902865F619FB017900A9B012 /* AddItemTableViewController.m */,
				90DFB1DC19F80D9B00AB0010 /* ToDo.h */,
				90DFB1DD19F80D9B00AB0010 /* ToDo.m */,
				9073415A19F87D3A0005BAD4 /* checkmark.png */,
				90DFB1C319F80CA400AB0010 /* Images.xcassets */,
				90DFB1C519F80CA400AB0010 /* LaunchScreen.xib */,
				9069FD8919F833670058BC72 /* view2.png */,
				90DFB1B319F80CA400AB0010 /* Supporting Files */,
			);
			path = ToDoList;
			sourceTree = "<group>";
		};
		90DFB1B319F80CA400AB0010 /* Supporting Files */ = {
			isa = PBXGroup;
			children = (
				9028660619FEF60C00A9B012 /* PrefixHeader.pch */,
				90DFB1B419F80CA400AB0010 /* Info.plist */,
				90DFB1B519F80CA400AB0010 /* main.m */,
			);
			name = "Supporting Files";
			sourceTree = "<group>";
		};
		90DFB1CF19F80CA500AB0010 /* ToDoListTests */ = {
			isa = PBXGroup;
			children = (
				90DFB1D219F80CA500AB0010 /* ToDoListTests.m */,
				90DFB1D019F80CA500AB0010 /* Supporting Files */,
			);
			path = ToDoListTests;
			sourceTree = "<group>";
		};
		90DFB1D019F80CA500AB0010 /* Supporting Files */ = {
			isa = PBXGroup;
			children = (
				90DFB1D119F80CA500AB0010 /* Info.plist */,
			);
			name = "Supporting Files";
			sourceTree = "<group>";
		};
/* End PBXGroup section */

/* Begin PBXNativeTarget section */
		90DFB1AF19F80CA400AB0010 /* ToDoList */ = {
			isa = PBXNativeTarget;
			buildConfigurationList = 90DFB1D619F80CA500AB0010 /* Build configuration list for PBXNativeTarget "ToDoList" */;
			buildPhases = (
				90DFB1AC19F80CA400AB0010 /* Sources */,
				90DFB1AD19F80CA400AB0010 /* Frameworks */,
				90DFB1AE19F80CA400AB0010 /* Resources */,
			);
			buildRules = (
			);
			dependencies = (
			);
			name = ToDoList;
			productName = ToDoList;
			productReference = 90DFB1B019F80CA400AB0010 /* ToDoList.app */;
			productType = "com.apple.product-type.application";
		};
		90DFB1CB19F80CA500AB0010 /* ToDoListTests */ = {
			isa = PBXNativeTarget;
			buildConfigurationList = 90DFB1D919F80CA500AB0010 /* Build configuration list for PBXNativeTarget "ToDoListTests" */;
			buildPhases = (
				90DFB1C819F80CA500AB0010 /* Sources */,
				90DFB1C919F80CA500AB0010 /* Frameworks */,
				90DFB1CA19F80CA500AB0010 /* Resources */,
			);
			buildRules = (
			);
			dependencies = (
				90DFB1CE19F80CA500AB0010 /* PBXTargetDependency */,
			);
			name = ToDoListTests;
			productName = ToDoListTests;
			productReference = 90DFB1CC19F80CA500AB0010 /* ToDoListTests.xctest */;
			productType = "com.apple.product-type.bundle.unit-test";
		};
/* End PBXNativeTarget section */

/* Begin PBXProject section */
		90DFB1A819F80CA400AB0010 /* Project object */ = {
			isa = PBXProject;
			attributes = {
				LastUpgradeCheck = 0610;
				ORGANIZATIONNAME = "Taylor Ledingham";
				TargetAttributes = {
					90DFB1AF19F80CA400AB0010 = {
						CreatedOnToolsVersion = 6.1;
						DevelopmentTeam = S8X486LY33;
					};
					90DFB1CB19F80CA500AB0010 = {
						CreatedOnToolsVersion = 6.1;
						TestTargetID = 90DFB1AF19F80CA400AB0010;
					};
				};
			};
			buildConfigurationList = 90DFB1AB19F80CA400AB0010 /* Build configuration list for PBXProject "ToDoList" */;
			compatibilityVersion = "Xcode 3.2";
			developmentRegion = English;
			hasScannedForEncodings = 0;
			knownRegions = (
				en,
				Base,
			);
			mainGroup = 90DFB1A719F80CA400AB0010;
			productRefGroup = 90DFB1B119F80CA400AB0010 /* Products */;
			projectDirPath = "";
			projectRoot = "";
			targets = (
				90DFB1AF19F80CA400AB0010 /* ToDoList */,
				90DFB1CB19F80CA500AB0010 /* ToDoListTests */,
			);
		};
/* End PBXProject section */

/* Begin PBXResourcesBuildPhase section */
		90DFB1AE19F80CA400AB0010 /* Resources */ = {
			isa = PBXResourcesBuildPhase;
			buildActionMask = 2147483647;
			files = (
				90DFB1C219F80CA400AB0010 /* Main.storyboard in Resources */,
				9073415B19F87D3A0005BAD4 /* checkmark.png in Resources */,
				9069FD8A19F833670058BC72 /* view2.png in Resources */,
				90DFB1C719F80CA400AB0010 /* LaunchScreen.xib in Resources */,
				90DFB1C419F80CA400AB0010 /* Images.xcassets in Resources */,
			);
			runOnlyForDeploymentPostprocessing = 0;
		};
		90DFB1CA19F80CA500AB0010 /* Resources */ = {
			isa = PBXResourcesBuildPhase;
			buildActionMask = 2147483647;
			files = (
			);
			runOnlyForDeploymentPostprocessing = 0;
		};
/* End PBXResourcesBuildPhase section */

/* Begin PBXSourcesBuildPhase section */
		90DFB1AC19F80CA400AB0010 /* Sources */ = {
			isa = PBXSourcesBuildPhase;
			buildActionMask = 2147483647;
			files = (
				90DFB1DE19F80D9B00AB0010 /* ToDo.m in Sources */,
				902865FD19FC22D300A9B012 /* TLCoreDataStack.m in Sources */,
				903AC88D19F8576E00A01EE7 /* ToDoItemTableViewCell.m in Sources */,
				90DFB1B919F80CA400AB0010 /* AppDelegate.m in Sources */,
				90DFB1BC19F80CA400AB0010 /* MasterViewController.m in Sources */,
				90DFB1B619F80CA400AB0010 /* main.m in Sources */,
				902865F719FB017900A9B012 /* AddItemTableViewController.m in Sources */,
				90DFB1BF19F80CA400AB0010 /* DetailViewController.m in Sources */,
			);
			runOnlyForDeploymentPostprocessing = 0;
		};
		90DFB1C819F80CA500AB0010 /* Sources */ = {
			isa = PBXSourcesBuildPhase;
			buildActionMask = 2147483647;
			files = (
				90DFB1D319F80CA500AB0010 /* ToDoListTests.m in Sources */,
			);
			runOnlyForDeploymentPostprocessing = 0;
		};
/* End PBXSourcesBuildPhase section */

/* Begin PBXTargetDependency section */
		90DFB1CE19F80CA500AB0010 /* PBXTargetDependency */ = {
			isa = PBXTargetDependency;
			target = 90DFB1AF19F80CA400AB0010 /* ToDoList */;
			targetProxy = 90DFB1CD19F80CA500AB0010 /* PBXContainerItemProxy */;
		};
/* End PBXTargetDependency section */

/* Begin PBXVariantGroup section */
		90DFB1C019F80CA400AB0010 /* Main.storyboard */ = {
			isa = PBXVariantGroup;
			children = (
				90DFB1C119F80CA400AB0010 /* Base */,
			);
			name = Main.storyboard;
			sourceTree = "<group>";
		};
		90DFB1C519F80CA400AB0010 /* LaunchScreen.xib */ = {
			isa = PBXVariantGroup;
			children = (
				90DFB1C619F80CA400AB0010 /* Base */,
			);
			name = LaunchScreen.xib;
			sourceTree = "<group>";
		};
/* End PBXVariantGroup section */

/* Begin XCBuildConfiguration section */
		90DFB1D419F80CA500AB0010 /* Debug */ = {
			isa = XCBuildConfiguration;
			buildSettings = {
				ALWAYS_SEARCH_USER_PATHS = NO;
				CLANG_CXX_LANGUAGE_STANDARD = "gnu++0x";
				CLANG_CXX_LIBRARY = "libc++";
				CLANG_ENABLE_MODULES = YES;
				CLANG_ENABLE_OBJC_ARC = YES;
				CLANG_WARN_BOOL_CONVERSION = YES;
				CLANG_WARN_CONSTANT_CONVERSION = YES;
				CLANG_WARN_DIRECT_OBJC_ISA_USAGE = YES_ERROR;
				CLANG_WARN_EMPTY_BODY = YES;
				CLANG_WARN_ENUM_CONVERSION = YES;
				CLANG_WARN_INT_CONVERSION = YES;
				CLANG_WARN_OBJC_ROOT_CLASS = YES_ERROR;
				CLANG_WARN_UNREACHABLE_CODE = YES;
				CLANG_WARN__DUPLICATE_METHOD_MATCH = YES;
				"CODE_SIGN_IDENTITY[sdk=iphoneos*]" = "iPhone Developer";
				COPY_PHASE_STRIP = NO;
				ENABLE_STRICT_OBJC_MSGSEND = YES;
				GCC_C_LANGUAGE_STANDARD = gnu99;
				GCC_DYNAMIC_NO_PIC = NO;
				GCC_INCREASE_PRECOMPILED_HEADER_SHARING = NO;
				GCC_OPTIMIZATION_LEVEL = 0;
				GCC_PREPROCESSOR_DEFINITIONS = (
					"DEBUG=1",
					"$(inherited)",
				);
				GCC_SYMBOLS_PRIVATE_EXTERN = NO;
				GCC_WARN_64_TO_32_BIT_CONVERSION = YES;
				GCC_WARN_ABOUT_RETURN_TYPE = YES_ERROR;
				GCC_WARN_UNDECLARED_SELECTOR = YES;
				GCC_WARN_UNINITIALIZED_AUTOS = YES_AGGRESSIVE;
				GCC_WARN_UNUSED_FUNCTION = YES;
				GCC_WARN_UNUSED_VARIABLE = YES;
				IPHONEOS_DEPLOYMENT_TARGET = 8.1;
				MTL_ENABLE_DEBUG_INFO = YES;
				ONLY_ACTIVE_ARCH = YES;
				SDKROOT = iphoneos;
			};
			name = Debug;
		};
		90DFB1D519F80CA500AB0010 /* Release */ = {
			isa = XCBuildConfiguration;
			buildSettings = {
				ALWAYS_SEARCH_USER_PATHS = NO;
				CLANG_CXX_LANGUAGE_STANDARD = "gnu++0x";
				CLANG_CXX_LIBRARY = "libc++";
				CLANG_ENABLE_MODULES = YES;
				CLANG_ENABLE_OBJC_ARC = YES;
				CLANG_WARN_BOOL_CONVERSION = YES;
				CLANG_WARN_CONSTANT_CONVERSION = YES;
				CLANG_WARN_DIRECT_OBJC_ISA_USAGE = YES_ERROR;
				CLANG_WARN_EMPTY_BODY = YES;
				CLANG_WARN_ENUM_CONVERSION = YES;
				CLANG_WARN_INT_CONVERSION = YES;
				CLANG_WARN_OBJC_ROOT_CLASS = YES_ERROR;
				CLANG_WARN_UNREACHABLE_CODE = YES;
				CLANG_WARN__DUPLICATE_METHOD_MATCH = YES;
				"CODE_SIGN_IDENTITY[sdk=iphoneos*]" = "iPhone Developer";
				COPY_PHASE_STRIP = YES;
				ENABLE_NS_ASSERTIONS = NO;
				ENABLE_STRICT_OBJC_MSGSEND = YES;
				GCC_C_LANGUAGE_STANDARD = gnu99;
				GCC_INCREASE_PRECOMPILED_HEADER_SHARING = NO;
				GCC_WARN_64_TO_32_BIT_CONVERSION = YES;
				GCC_WARN_ABOUT_RETURN_TYPE = YES_ERROR;
				GCC_WARN_UNDECLARED_SELECTOR = YES;
				GCC_WARN_UNINITIALIZED_AUTOS = YES_AGGRESSIVE;
				GCC_WARN_UNUSED_FUNCTION = YES;
				GCC_WARN_UNUSED_VARIABLE = YES;
				IPHONEOS_DEPLOYMENT_TARGET = 8.1;
				MTL_ENABLE_DEBUG_INFO = NO;
				SDKROOT = iphoneos;
				VALIDATE_PRODUCT = YES;
			};
			name = Release;
		};
		90DFB1D719F80CA500AB0010 /* Debug */ = {
			isa = XCBuildConfiguration;
			buildSettings = {
				ASSETCATALOG_COMPILER_APPICON_NAME = AppIcon;
				CODE_SIGN_IDENTITY = "iPhone Developer";
				"CODE_SIGN_IDENTITY[sdk=iphoneos*]" = "iPhone Developer";
				GCC_INCREASE_PRECOMPILED_HEADER_SHARING = NO;
				INFOPLIST_FILE = ToDoList/Info.plist;
				IPHONEOS_DEPLOYMENT_TARGET = 8.0;
				LD_RUNPATH_SEARCH_PATHS = "$(inherited) @executable_path/Frameworks";
				PRODUCT_NAME = "$(TARGET_NAME)";
				PROVISIONING_PROFILE = "";
			};
			name = Debug;
		};
		90DFB1D819F80CA500AB0010 /* Release */ = {
			isa = XCBuildConfiguration;
			buildSettings = {
				ASSETCATALOG_COMPILER_APPICON_NAME = AppIcon;
				CODE_SIGN_IDENTITY = "iPhone Developer";
				"CODE_SIGN_IDENTITY[sdk=iphoneos*]" = "iPhone Developer";
				GCC_INCREASE_PRECOMPILED_HEADER_SHARING = NO;
				INFOPLIST_FILE = ToDoList/Info.plist;
				IPHONEOS_DEPLOYMENT_TARGET = 8.0;
				LD_RUNPATH_SEARCH_PATHS = "$(inherited) @executable_path/Frameworks";
				PRODUCT_NAME = "$(TARGET_NAME)";
				PROVISIONING_PROFILE = "";
			};
			name = Release;
		};
		90DFB1DA19F80CA500AB0010 /* Debug */ = {
			isa = XCBuildConfiguration;
			buildSettings = {
				BUNDLE_LOADER = "$(TEST_HOST)";
				FRAMEWORK_SEARCH_PATHS = (
					"$(SDKROOT)/Developer/Library/Frameworks",
					"$(inherited)",
				);
				GCC_PREPROCESSOR_DEFINITIONS = (
					"DEBUG=1",
					"$(inherited)",
				);
				INFOPLIST_FILE = ToDoListTests/Info.plist;
				LD_RUNPATH_SEARCH_PATHS = "$(inherited) @executable_path/Frameworks @loader_path/Frameworks";
				PRODUCT_NAME = "$(TARGET_NAME)";
				TEST_HOST = "$(BUILT_PRODUCTS_DIR)/ToDoList.app/ToDoList";
			};
			name = Debug;
		};
		90DFB1DB19F80CA500AB0010 /* Release */ = {
			isa = XCBuildConfiguration;
			buildSettings = {
				BUNDLE_LOADER = "$(TEST_HOST)";
				FRAMEWORK_SEARCH_PATHS = (
					"$(SDKROOT)/Developer/Library/Frameworks",
					"$(inherited)",
				);
				INFOPLIST_FILE = ToDoListTests/Info.plist;
				LD_RUNPATH_SEARCH_PATHS = "$(inherited) @executable_path/Frameworks @loader_path/Frameworks";
				PRODUCT_NAME = "$(TARGET_NAME)";
				TEST_HOST = "$(BUILT_PRODUCTS_DIR)/ToDoList.app/ToDoList";
			};
			name = Release;
		};
/* End XCBuildConfiguration section */

/* Begin XCConfigurationList section */
		90DFB1AB19F80CA400AB0010 /* Build configuration list for PBXProject "ToDoList" */ = {
			isa = XCConfigurationList;
			buildConfigurations = (
				90DFB1D419F80CA500AB0010 /* Debug */,
				90DFB1D519F80CA500AB0010 /* Release */,
			);
			defaultConfigurationIsVisible = 0;
			defaultConfigurationName = Release;
		};
		90DFB1D619F80CA500AB0010 /* Build configuration list for PBXNativeTarget "ToDoList" */ = {
			isa = XCConfigurationList;
			buildConfigurations = (
				90DFB1D719F80CA500AB0010 /* Debug */,
				90DFB1D819F80CA500AB0010 /* Release */,
			);
			defaultConfigurationIsVisible = 0;
			defaultConfigurationName = Release;
		};
		90DFB1D919F80CA500AB0010 /* Build configuration list for PBXNativeTarget "ToDoListTests" */ = {
			isa = XCConfigurationList;
			buildConfigurations = (
				90DFB1DA19F80CA500AB0010 /* Debug */,
				90DFB1DB19F80CA500AB0010 /* Release */,
			);
			defaultConfigurationIsVisible = 0;
			defaultConfigurationName = Release;
		};
/* End XCConfigurationList section */
	};
	rootObject = 90DFB1A819F80CA400AB0010 /* Project object */;
}
